
Microsoft Visual Studio Solution File, Format Version 12.00
# Visual Studio 15
VisualStudioVersion = 15.0.28307.136
MinimumVisualStudioVersion = 10.0.40219.1
Project("{E24C65DC-7377-472B-9ABA-BC803B73C61A}") = "RythemGame", "RythemGame\", "{A26EC075-D861-4E98-85E2-E79E7E234CE7}"
	ProjectSection(WebsiteProperties) = preProject
		TargetFrameworkMoniker = ".NETFramework,Version%3Dv4.6.1"
		Debug.AspNetCompiler.VirtualPath = "/localhost_62980"
		Debug.AspNetCompiler.PhysicalPath = "RythemGame\"
		Debug.AspNetCompiler.TargetPath = "PrecompiledWeb\localhost_62980\"
		Debug.AspNetCompiler.Updateable = "true"
		Debug.AspNetCompiler.ForceOverwrite = "true"
		Debug.AspNetCompiler.FixedNames = "false"
		Debug.AspNetCompiler.Debug = "True"
		Release.AspNetCompiler.VirtualPath = "/localhost_62980"
		Release.AspNetCompiler.PhysicalPath = "RythemGame\"
		Release.AspNetCompiler.TargetPath = "PrecompiledWeb\localhost_62980\"
		Release.AspNetCompiler.Updateable = "true"
		Release.AspNetCompiler.ForceOverwrite = "true"
		Release.AspNetCompiler.FixedNames = "false"
		Release.AspNetCompiler.Debug = "False"
		VWDPort = "62980"
		SlnRelativePath = "RythemGame\"
		DefaultWebSiteLanguage = "Visual C#"
	EndProjectSection
EndProject
Global
	GlobalSection(SolutionConfigurationPlatforms) = preSolution
		Debug|Any CPU = Debug|Any CPU
	EndGlobalSection
	GlobalSection(ProjectConfigurationPlatforms) = postSolution
		{A26EC075-D861-4E98-85E2-E79E7E234CE7}.Debug|Any CPU.ActiveCfg = Debug|Any CPU
		{A26EC075-D861-4E98-85E2-E79E7E234CE7}.Debug|Any CPU.Build.0 = Debug|Any CPU
	EndGlobalSection
	GlobalSection(SolutionProperties) = preSolution
		HideSolutionNode = FALSE
	EndGlobalSection
	GlobalSection(ExtensibilityGlobals) = postSolution
		SolutionGuid = {C4AE7277-913B-48FA-9692-9EA138132E0C}
	EndGlobalSection
EndGlobal
